
Microsoft Visual Studio Solution File, Format Version 12.00
# Visual Studio Version 17
VisualStudioVersion = 17.14.36915.13 d17.14
MinimumVisualStudioVersion = 10.0.40219.1
Project("{FAE04EC0-301F-11D3-BF4B-00C04F79EFBC}") = "MyCoreApp", "MyCoreApp\MyCoreApp.csproj", "{D5198B5C-BE81-4E50-A0CE-12F76A9EAF38}"
EndProject
Global
	GlobalSection(SolutionConfigurationPlatforms) = preSolution
		Debug|Any CPU = Debug|Any CPU
		Release|Any CPU = Release|Any CPU
	EndGlobalSection
	GlobalSection(ProjectConfigurationPlatforms) = postSolution
		{D5198B5C-BE81-4E50-A0CE-12F76A9EAF38}.Debug|Any CPU.ActiveCfg = Debug|Any CPU
		{D5198B5C-BE81-4E50-A0CE-12F76A9EAF38}.Debug|Any CPU.Build.0 = Debug|Any CPU
		{D5198B5C-BE81-4E50-A0CE-12F76A9EAF38}.Release|Any CPU.ActiveCfg = Release|Any CPU
		{D5198B5C-BE81-4E50-A0CE-12F76A9EAF38}.Release|Any CPU.Build.0 = Release|Any CPU
	EndGlobalSection
	GlobalSection(SolutionProperties) = preSolution
		HideSolutionNode = FALSE
	EndGlobalSection
	GlobalSection(ExtensibilityGlobals) = postSolution
		SolutionGuid = {7A1F79C4-9474-4DDB-A328-61C56DF83301}
	EndGlobalSection
EndGlobal
